
Microsoft Visual Studio Solution File, Format Version 12.00
# Visual Studio Version 16
VisualStudioVersion = 16.0.32228.343
MinimumVisualStudioVersion = 10.0.40219.1
Project("{FAE04EC0-301F-11D3-BF4B-00C04F79EFBC}") = "MVC Beginner", "MVC Beginner\MVC Beginner.csproj", "{05407556-F4F6-4B96-B77E-26464C89683F}"
EndProject
Global
	GlobalSection(SolutionConfigurationPlatforms) = preSolution
		Debug|Any CPU = Debug|Any CPU
		Release|Any CPU = Release|Any CPU
	EndGlobalSection
	GlobalSection(ProjectConfigurationPlatforms) = postSolution
		{05407556-F4F6-4B96-B77E-26464C89683F}.Debug|Any CPU.ActiveCfg = Debug|Any CPU
		{05407556-F4F6-4B96-B77E-26464C89683F}.Debug|Any CPU.Build.0 = Debug|Any CPU
		{05407556-F4F6-4B96-B77E-26464C89683F}.Release|Any CPU.ActiveCfg = Release|Any CPU
		{05407556-F4F6-4B96-B77E-26464C89683F}.Release|Any CPU.Build.0 = Release|Any CPU
	EndGlobalSection
	GlobalSection(SolutionProperties) = preSolution
		HideSolutionNode = FALSE
	EndGlobalSection
	GlobalSection(ExtensibilityGlobals) = postSolution
		SolutionGuid = {9A74378D-0578-41ED-ABF4-B32001461C70}
	EndGlobalSection
EndGlobal
