
Microsoft Visual Studio Solution File, Format Version 12.00
# Visual Studio Version 16
VisualStudioVersion = 16.0.31624.102
MinimumVisualStudioVersion = 10.0.40219.1
Project("{FAE04EC0-301F-11D3-BF4B-00C04F79EFBC}") = "SimpleMethod", "SimpleMethod\SimpleMethod.csproj", "{FF593DE6-9848-40FD-9486-0C9C317666F5}"
EndProject
Global
	GlobalSection(SolutionConfigurationPlatforms) = preSolution
		Debug|Any CPU = Debug|Any CPU
		Release|Any CPU = Release|Any CPU
	EndGlobalSection
	GlobalSection(ProjectConfigurationPlatforms) = postSolution
		{FF593DE6-9848-40FD-9486-0C9C317666F5}.Debug|Any CPU.ActiveCfg = Debug|Any CPU
		{FF593DE6-9848-40FD-9486-0C9C317666F5}.Debug|Any CPU.Build.0 = Debug|Any CPU
		{FF593DE6-9848-40FD-9486-0C9C317666F5}.Release|Any CPU.ActiveCfg = Release|Any CPU
		{FF593DE6-9848-40FD-9486-0C9C317666F5}.Release|Any CPU.Build.0 = Release|Any CPU
	EndGlobalSection
	GlobalSection(SolutionProperties) = preSolution
		HideSolutionNode = FALSE
	EndGlobalSection
	GlobalSection(ExtensibilityGlobals) = postSolution
		SolutionGuid = {A39618C0-3F0D-4498-82F3-28021C2ED773}
	EndGlobalSection
EndGlobal
