
Microsoft Visual Studio Solution File, Format Version 12.00
# Visual Studio Version 16
VisualStudioVersion = 16.0.31624.102
MinimumVisualStudioVersion = 10.0.40219.1
Project("{FAE04EC0-301F-11D3-BF4B-00C04F79EFBC}") = "ProcessingCSVfile", "ProcessingCSVfile\ProcessingCSVfile.csproj", "{4DD8A639-1A26-47F9-BC68-590141D69491}"
EndProject
Global
	GlobalSection(SolutionConfigurationPlatforms) = preSolution
		Debug|Any CPU = Debug|Any CPU
		Release|Any CPU = Release|Any CPU
	EndGlobalSection
	GlobalSection(ProjectConfigurationPlatforms) = postSolution
		{4DD8A639-1A26-47F9-BC68-590141D69491}.Debug|Any CPU.ActiveCfg = Debug|Any CPU
		{4DD8A639-1A26-47F9-BC68-590141D69491}.Debug|Any CPU.Build.0 = Debug|Any CPU
		{4DD8A639-1A26-47F9-BC68-590141D69491}.Release|Any CPU.ActiveCfg = Release|Any CPU
		{4DD8A639-1A26-47F9-BC68-590141D69491}.Release|Any CPU.Build.0 = Release|Any CPU
	EndGlobalSection
	GlobalSection(SolutionProperties) = preSolution
		HideSolutionNode = FALSE
	EndGlobalSection
	GlobalSection(ExtensibilityGlobals) = postSolution
		SolutionGuid = {A0075C92-2C18-4206-9CC9-8B57865CF4B5}
	EndGlobalSection
EndGlobal
